
Microsoft Visual Studio Solution File, Format Version 12.00
# Visual Studio Version 17
VisualStudioVersion = 17.8.34322.80
MinimumVisualStudioVersion = 10.0.40219.1
Project("{FAE04EC0-301F-11D3-BF4B-00C04F79EFBC}") = "App1.Android", "App1\App1.Android\App1.Android.csproj", "{9EB022B3-F53C-4B18-A06C-82D3F9EECB77}"
EndProject
Project("{FAE04EC0-301F-11D3-BF4B-00C04F79EFBC}") = "App1.iOS", "App1\App1.iOS\App1.iOS.csproj", "{158CECE0-8BA5-4DD4-B348-482CAA48C9AB}"
EndProject
Project("{FAE04EC0-301F-11D3-BF4B-00C04F79EFBC}") = "App1", "App1\App1\App1.csproj", "{115C5A35-320A-49DF-B5E8-98805E4D1D5F}"
EndProject
Global
	GlobalSection(SolutionConfigurationPlatforms) = preSolution
		Debug|Any CPU = Debug|Any CPU
		Debug|iPhone = Debug|iPhone
		Debug|iPhoneSimulator = Debug|iPhoneSimulator
		Release|Any CPU = Release|Any CPU
		Release|iPhone = Release|iPhone
		Release|iPhoneSimulator = Release|iPhoneSimulator
	EndGlobalSection
	GlobalSection(ProjectConfigurationPlatforms) = postSolution
		{9EB022B3-F53C-4B18-A06C-82D3F9EECB77}.Debug|Any CPU.ActiveCfg = Debug|Any CPU
		{9EB022B3-F53C-4B18-A06C-82D3F9EECB77}.Debug|Any CPU.Build.0 = Debug|Any CPU
		{9EB022B3-F53C-4B18-A06C-82D3F9EECB77}.Debug|Any CPU.Deploy.0 = Debug|Any CPU
		{9EB022B3-F53C-4B18-A06C-82D3F9EECB77}.Debug|iPhone.ActiveCfg = Debug|Any CPU
		{9EB022B3-F53C-4B18-A06C-82D3F9EECB77}.Debug|iPhone.Build.0 = Debug|Any CPU
		{9EB022B3-F53C-4B18-A06C-82D3F9EECB77}.Debug|iPhone.Deploy.0 = Debug|Any CPU
		{9EB022B3-F53C-4B18-A06C-82D3F9EECB77}.Debug|iPhoneSimulator.ActiveCfg = Debug|Any CPU
		{9EB022B3-F53C-4B18-A06C-82D3F9EECB77}.Debug|iPhoneSimulator.Build.0 = Debug|Any CPU
		{9EB022B3-F53C-4B18-A06C-82D3F9EECB77}.Debug|iPhoneSimulator.Deploy.0 = Debug|Any CPU
		{9EB022B3-F53C-4B18-A06C-82D3F9EECB77}.Release|Any CPU.ActiveCfg = Release|Any CPU
		{9EB022B3-F53C-4B18-A06C-82D3F9EECB77}.Release|Any CPU.Build.0 = Release|Any CPU
		{9EB022B3-F53C-4B18-A06C-82D3F9EECB77}.Release|Any CPU.Deploy.0 = Release|Any CPU
		{9EB022B3-F53C-4B18-A06C-82D3F9EECB77}.Release|iPhone.ActiveCfg = Release|Any CPU
		{9EB022B3-F53C-4B18-A06C-82D3F9EECB77}.Release|iPhone.Build.0 = Release|Any CPU
		{9EB022B3-F53C-4B18-A06C-82D3F9EECB77}.Release|iPhone.Deploy.0 = Release|Any CPU
		{9EB022B3-F53C-4B18-A06C-82D3F9EECB77}.Release|iPhoneSimulator.ActiveCfg = Release|Any CPU
		{9EB022B3-F53C-4B18-A06C-82D3F9EECB77}.Release|iPhoneSimulator.Build.0 = Release|Any CPU
		{9EB022B3-F53C-4B18-A06C-82D3F9EECB77}.Release|iPhoneSimulator.Deploy.0 = Release|Any CPU
		{158CECE0-8BA5-4DD4-B348-482CAA48C9AB}.Debug|Any CPU.ActiveCfg = Debug|iPhone
		{158CECE0-8BA5-4DD4-B348-482CAA48C9AB}.Debug|Any CPU.Build.0 = Debug|iPhone
		{158CECE0-8BA5-4DD4-B348-482CAA48C9AB}.Debug|Any CPU.Deploy.0 = Debug|iPhone
		{158CECE0-8BA5-4DD4-B348-482CAA48C9AB}.Debug|iPhone.ActiveCfg = Debug|iPhone
		{158CECE0-8BA5-4DD4-B348-482CAA48C9AB}.Debug|iPhone.Build.0 = Debug|iPhone
		{158CECE0-8BA5-4DD4-B348-482CAA48C9AB}.Debug|iPhone.Deploy.0 = Debug|iPhone
		{158CECE0-8BA5-4DD4-B348-482CAA48C9AB}.Debug|iPhoneSimulator.ActiveCfg = Debug|iPhoneSimulator
		{158CECE0-8BA5-4DD4-B348-482CAA48C9AB}.Debug|iPhoneSimulator.Build.0 = Debug|iPhoneSimulator
		{158CECE0-8BA5-4DD4-B348-482CAA48C9AB}.Debug|iPhoneSimulator.Deploy.0 = Debug|iPhoneSimulator
		{158CECE0-8BA5-4DD4-B348-482CAA48C9AB}.Release|Any CPU.ActiveCfg = Release|iPhoneSimulator
		{158CECE0-8BA5-4DD4-B348-482CAA48C9AB}.Release|Any CPU.Build.0 = Release|iPhoneSimulator
		{158CECE0-8BA5-4DD4-B348-482CAA48C9AB}.Release|Any CPU.Deploy.0 = Release|iPhoneSimulator
		{158CECE0-8BA5-4DD4-B348-482CAA48C9AB}.Release|iPhone.ActiveCfg = Release|iPhone
		{158CECE0-8BA5-4DD4-B348-482CAA48C9AB}.Release|iPhone.Build.0 = Release|iPhone
		{158CECE0-8BA5-4DD4-B348-482CAA48C9AB}.Release|iPhone.Deploy.0 = Release|iPhone
		{158CECE0-8BA5-4DD4-B348-482CAA48C9AB}.Release|iPhoneSimulator.ActiveCfg = Release|iPhoneSimulator
		{158CECE0-8BA5-4DD4-B348-482CAA48C9AB}.Release|iPhoneSimulator.Build.0 = Release|iPhoneSimulator
		{158CECE0-8BA5-4DD4-B348-482CAA48C9AB}.Release|iPhoneSimulator.Deploy.0 = Release|iPhoneSimulator
		{115C5A35-320A-49DF-B5E8-98805E4D1D5F}.Debug|Any CPU.ActiveCfg = Debug|Any CPU
		{115C5A35-320A-49DF-B5E8-98805E4D1D5F}.Debug|Any CPU.Build.0 = Debug|Any CPU
		{115C5A35-320A-49DF-B5E8-98805E4D1D5F}.Debug|Any CPU.Deploy.0 = Debug|Any CPU
		{115C5A35-320A-49DF-B5E8-98805E4D1D5F}.Debug|iPhone.ActiveCfg = Debug|Any CPU
		{115C5A35-320A-49DF-B5E8-98805E4D1D5F}.Debug|iPhone.Build.0 = Debug|Any CPU
		{115C5A35-320A-49DF-B5E8-98805E4D1D5F}.Debug|iPhone.Deploy.0 = Debug|Any CPU
		{115C5A35-320A-49DF-B5E8-98805E4D1D5F}.Debug|iPhoneSimulator.ActiveCfg = Debug|Any CPU
		{115C5A35-320A-49DF-B5E8-98805E4D1D5F}.Debug|iPhoneSimulator.Build.0 = Debug|Any CPU
		{115C5A35-320A-49DF-B5E8-98805E4D1D5F}.Debug|iPhoneSimulator.Deploy.0 = Debug|Any CPU
		{115C5A35-320A-49DF-B5E8-98805E4D1D5F}.Release|Any CPU.ActiveCfg = Release|Any CPU
		{115C5A35-320A-49DF-B5E8-98805E4D1D5F}.Release|Any CPU.Build.0 = Release|Any CPU
		{115C5A35-320A-49DF-B5E8-98805E4D1D5F}.Release|Any CPU.Deploy.0 = Release|Any CPU
		{115C5A35-320A-49DF-B5E8-98805E4D1D5F}.Release|iPhone.ActiveCfg = Release|Any CPU
		{115C5A35-320A-49DF-B5E8-98805E4D1D5F}.Release|iPhone.Build.0 = Release|Any CPU
		{115C5A35-320A-49DF-B5E8-98805E4D1D5F}.Release|iPhone.Deploy.0 = Release|Any CPU
		{115C5A35-320A-49DF-B5E8-98805E4D1D5F}.Release|iPhoneSimulator.ActiveCfg = Release|Any CPU
		{115C5A35-320A-49DF-B5E8-98805E4D1D5F}.Release|iPhoneSimulator.Build.0 = Release|Any CPU
		{115C5A35-320A-49DF-B5E8-98805E4D1D5F}.Release|iPhoneSimulator.Deploy.0 = Release|Any CPU
	EndGlobalSection
	GlobalSection(SolutionProperties) = preSolution
		HideSolutionNode = FALSE
	EndGlobalSection
	GlobalSection(ExtensibilityGlobals) = postSolution
		SolutionGuid = {A3826154-CF58-464C-B8B3-61812A9E5DA5}
	EndGlobalSection
EndGlobal
